<?xml version="1.0" encoding="utf-8"?>
<Project ToolsVersion="4.0" xmlns="http://schemas.microsoft.com/developer/msbuild/2003">
  <ItemGroup>
    <Filter Include="Source Files">
      <UniqueIdentifier>{4FC737F1-C7A5-4376-A066-2A32D752A2FF}</UniqueIdentifier>
      <Extensions>cpp;c;cc;cxx;def;odl;idl;hpj;bat;asm;asmx</Extensions>
    </Filter>
    <Filter Include="Header Files">
      <UniqueIdentifier>{93995380-89BD-4b04-88EB-625FBE52EBFB}</UniqueIdentifier>
      <Extensions>h;hpp;hxx;hm;inl;inc;xsd</Extensions>
    </Filter>
    <Filter Include="Resource Files">
      <UniqueIdentifier>{67DA6AB6-F800-4c08-8B7A-83BB121AAD01}</UniqueIdentifier>
      <Extensions>rc;ico;cur;bmp;dlg;rc2;rct;bin;rgs;gif;jpg;jpeg;jpe;resx;tiff;tif;png;wav;mfcribbon-ms</Extensions>
    </Filter>
    <Filter Include="CS">
      <UniqueIdentifier>{7adc631b-624b-4337-8a6e-4945146d755a}</UniqueIdentifier>
    </Filter>
  </ItemGroup>
  <ItemGroup>
    <None Include="ReadMe.txt" />
    <None Include="mediaPlayer.def">
      <Filter>Source Files</Filter>
    </None>
    <None Include="mediaPlayerCtrl.bmp">
      <Filter>Resource Files</Filter>
    </None>
    <None Include="icon1.ico">
      <Filter>Resource Files</Filter>
    </None>
    <None Include="icon2.ico">
      <Filter>Resource Files</Filter>
    </None>
  </ItemGroup>
  <ItemGroup>
    <ClCompile Include="stdafx.cpp">
      <Filter>Source Files</Filter>
    </ClCompile>
    <ClCompile Include="mediaPlayer.cpp">
      <Filter>Source Files</Filter>
    </ClCompile>
    <ClCompile Include="mediaPlayerCtrl.cpp">
      <Filter>Source Files</Filter>
    </ClCompile>
    <ClCompile Include="mediaPlayerPropPage.cpp">
      <Filter>Source Files</Filter>
    </ClCompile>
    <ClCompile Include="ActivDoc.cpp">
      <Filter>Source Files</Filter>
    </ClCompile>
    <ClCompile Include="MainFrm.cpp">
      <Filter>Source Files</Filter>
    </ClCompile>
    <ClCompile Include="mediaPlayerDoc.cpp">
      <Filter>Source Files</Filter>
    </ClCompile>
    <ClCompile Include="mediaPlayerView.cpp">
      <Filter>Source Files</Filter>
    </ClCompile>
    <ClCompile Include="FilePreView.cpp">
      <Filter>Source Files</Filter>
    </ClCompile>
    <ClCompile Include="ImagePrview.cpp">
      <Filter>Source Files</Filter>
    </ClCompile>
    <ClCompile Include="PreView.cpp">
      <Filter>Source Files</Filter>
    </ClCompile>
    <ClCompile Include="ProgressCtrlView.cpp">
      <Filter>Source Files</Filter>
    </ClCompile>
    <ClCompile Include="VLCPlayer.cpp">
      <Filter>Source Files</Filter>
    </ClCompile>
    <ClCompile Include="VLCPlayerImpl.cpp">
      <Filter>Source Files</Filter>
    </ClCompile>
    <ClCompile Include="SAStatusLog.cpp">
      <Filter>Source Files</Filter>
    </ClCompile>
    <ClCompile Include="MediaPlayerDialog.cpp">
      <Filter>Source Files</Filter>
    </ClCompile>
    <ClCompile Include="FileEditDialog.cpp">
      <Filter>Source Files</Filter>
    </ClCompile>
    <ClCompile Include="cs\editCs.cxx">
      <Filter>CS</Filter>
    </ClCompile>
    <ClCompile Include="cs\editCsSkt.cxx">
      <Filter>CS</Filter>
    </ClCompile>
    <ClCompile Include="cs\lowSys.cxx">
      <Filter>CS</Filter>
    </ClCompile>
    <ClCompile Include="TimerShaft.cpp">
      <Filter>Source Files</Filter>
    </ClCompile>
    <ClCompile Include="EditTask.cpp">
      <Filter>Source Files</Filter>
    </ClCompile>
    <ClCompile Include="Ini.cpp">
      <Filter>Source Files</Filter>
    </ClCompile>
    <ClCompile Include="ListenThread.cpp">
      <Filter>Source Files</Filter>
    </ClCompile>
    <ClCompile Include="SettingDialog.cpp">
      <Filter>Source Files</Filter>
    </ClCompile>
    <ClCompile Include="ImagePreviewDialog.cpp">
      <Filter>Source Files</Filter>
    </ClCompile>
    <ClCompile Include="PictureCtrl.cpp">
      <Filter>Source Files</Filter>
    </ClCompile>
    <ClCompile Include="TimeEdit.cpp">
      <Filter>Source Files</Filter>
    </ClCompile>
    <ClCompile Include="LoginDialog.cpp">
      <Filter>Source Files</Filter>
    </ClCompile>
    <ClCompile Include="MainDialog.cpp">
      <Filter>Source Files</Filter>
    </ClCompile>
    <ClCompile Include="DownLoadDialog.cpp">
      <Filter>Source Files</Filter>
    </ClCompile>
    <ClCompile Include="URL.cpp">
      <Filter>Source Files</Filter>
    </ClCompile>
    <ClCompile Include="BackwardButton.cpp">
      <Filter>Source Files</Filter>
    </ClCompile>
    <ClCompile Include="ForwardButton.cpp">
      <Filter>Source Files</Filter>
    </ClCompile>
    <ClCompile Include="PlayPauseButton.cpp">
      <Filter>Source Files</Filter>
    </ClCompile>
    <ClCompile Include="StopButton.cpp">
      <Filter>Source Files</Filter>
    </ClCompile>
    <ClCompile Include="TaskListDialog.cpp">
      <Filter>Source Files</Filter>
    </ClCompile>
    <ClCompile Include="TimeshaftFile.cpp">
      <Filter>Source Files</Filter>
    </ClCompile>
    <ClCompile Include="EditStatueFile.cpp">
      <Filter>Source Files</Filter>
    </ClCompile>
    <ClCompile Include="ScopeLock.cpp">
      <Filter>Source Files</Filter>
    </ClCompile>
    <ClCompile Include="EditTaskListCtrl.cpp">
      <Filter>Source Files</Filter>
    </ClCompile>
    <ClCompile Include="msjexhnd.cpp">
      <Filter>Source Files</Filter>
    </ClCompile>
  </ItemGroup>
  <ItemGroup>
    <ClInclude Include="stdafx.h">
      <Filter>Header Files</Filter>
    </ClInclude>
    <ClInclude Include="targetver.h">
      <Filter>Header Files</Filter>
    </ClInclude>
    <ClInclude Include="mediaPlayer.h">
      <Filter>Header Files</Filter>
    </ClInclude>
    <ClInclude Include="Resource.h">
      <Filter>Header Files</Filter>
    </ClInclude>
    <ClInclude Include="mediaPlayerCtrl.h">
      <Filter>Header Files</Filter>
    </ClInclude>
    <ClInclude Include="mediaPlayerPropPage.h">
      <Filter>Header Files</Filter>
    </ClInclude>
    <ClInclude Include="ActivDoc.h">
      <Filter>Header Files</Filter>
    </ClInclude>
    <ClInclude Include="MainFrm.h">
      <Filter>Header Files</Filter>
    </ClInclude>
    <ClInclude Include="mediaPlayerDoc.h">
      <Filter>Header Files</Filter>
    </ClInclude>
    <ClInclude Include="mediaPlayerView.h">
      <Filter>Header Files</Filter>
    </ClInclude>
    <ClInclude Include="FilePreView.h">
      <Filter>Header Files</Filter>
    </ClInclude>
    <ClInclude Include="ImagePrview.h">
      <Filter>Header Files</Filter>
    </ClInclude>
    <ClInclude Include="PreView.h">
      <Filter>Header Files</Filter>
    </ClInclude>
    <ClInclude Include="ProgressCtrlView.h">
      <Filter>Header Files</Filter>
    </ClInclude>
    <ClInclude Include="VLCPlayer.h">
      <Filter>Header Files</Filter>
    </ClInclude>
    <ClInclude Include="VLCPlayerImpl.h">
      <Filter>Header Files</Filter>
    </ClInclude>
    <ClInclude Include="SAStatusLog.h">
      <Filter>Header Files</Filter>
    </ClInclude>
    <ClInclude Include="MediaPlayerDialog.h">
      <Filter>Header Files</Filter>
    </ClInclude>
    <ClInclude Include="FileEditDialog.h">
      <Filter>Header Files</Filter>
    </ClInclude>
    <ClInclude Include="cs\editCs.h">
      <Filter>CS</Filter>
    </ClInclude>
    <ClInclude Include="cs\editCsSkt.h">
      <Filter>CS</Filter>
    </ClInclude>
    <ClInclude Include="cs\lowSys.h">
      <Filter>CS</Filter>
    </ClInclude>
    <ClInclude Include="TimerShaft.h">
      <Filter>Header Files</Filter>
    </ClInclude>
    <ClInclude Include="EditTask.h">
      <Filter>Header Files</Filter>
    </ClInclude>
    <ClInclude Include="Ini.h">
      <Filter>Header Files</Filter>
    </ClInclude>
    <ClInclude Include="ListenThread.h">
      <Filter>Header Files</Filter>
    </ClInclude>
    <ClInclude Include="SettingDialog.h">
      <Filter>Header Files</Filter>
    </ClInclude>
    <ClInclude Include="ImagePreviewDialog.h">
      <Filter>Header Files</Filter>
    </ClInclude>
    <ClInclude Include="PictureCtrl.h">
      <Filter>Header Files</Filter>
    </ClInclude>
    <ClInclude Include="TimeEdit.h">
      <Filter>Header Files</Filter>
    </ClInclude>
    <ClInclude Include="LoginDialog.h">
      <Filter>Header Files</Filter>
    </ClInclude>
    <ClInclude Include="MainDialog.h">
      <Filter>Header Files</Filter>
    </ClInclude>
    <ClInclude Include="DownLoadDialog.h">
      <Filter>Header Files</Filter>
    </ClInclude>
    <ClInclude Include="URL.h">
      <Filter>Header Files</Filter>
    </ClInclude>
    <ClInclude Include="BackwardButton.h">
      <Filter>Header Files</Filter>
    </ClInclude>
    <ClInclude Include="ForwardButton.h">
      <Filter>Header Files</Filter>
    </ClInclude>
    <ClInclude Include="PlayPauseButton.h">
      <Filter>Header Files</Filter>
    </ClInclude>
    <ClInclude Include="StopButton.h">
      <Filter>Header Files</Filter>
    </ClInclude>
    <ClInclude Include="TaskListDialog.h">
      <Filter>Header Files</Filter>
    </ClInclude>
    <ClInclude Include="TimeshaftFile.h">
      <Filter>Header Files</Filter>
    </ClInclude>
    <ClInclude Include="EditStatueFile.h">
      <Filter>Header Files</Filter>
    </ClInclude>
    <ClInclude Include="ScopeLock.h">
      <Filter>Header Files</Filter>
    </ClInclude>
    <ClInclude Include="EditTaskListCtrl.h">
      <Filter>Header Files</Filter>
    </ClInclude>
    <ClInclude Include="msjexhnd.h">
      <Filter>Header Files</Filter>
    </ClInclude>
  </ItemGroup>
  <ItemGroup>
    <ResourceCompile Include="mediaPlayer.rc">
      <Filter>Resource Files</Filter>
    </ResourceCompile>
  </ItemGroup>
  <ItemGroup>
    <Midl Include="mediaPlayer.idl">
      <Filter>Source Files</Filter>
    </Midl>
  </ItemGroup>
</Project>